
Microsoft Visual Studio Solution File, Format Version 12.00
# Visual Studio 15
VisualStudioVersion = 15.0.27703.2018
MinimumVisualStudioVersion = 10.0.40219.1
Project("{FAE04EC0-301F-11D3-BF4B-00C04F79EFBC}") = "lazytranslation", "lazytranslation\lazytranslation.csproj", "{BC9FDF9D-AF35-4A55-910E-64B6D315BFAA}"
EndProject
Global
	GlobalSection(SolutionConfigurationPlatforms) = preSolution
		Debug|Any CPU = Debug|Any CPU
		Release|Any CPU = Release|Any CPU
	EndGlobalSection
	GlobalSection(ProjectConfigurationPlatforms) = postSolution
		{BC9FDF9D-AF35-4A55-910E-64B6D315BFAA}.Debug|Any CPU.ActiveCfg = Debug|Any CPU
		{BC9FDF9D-AF35-4A55-910E-64B6D315BFAA}.Debug|Any CPU.Build.0 = Debug|Any CPU
		{BC9FDF9D-AF35-4A55-910E-64B6D315BFAA}.Release|Any CPU.ActiveCfg = Release|Any CPU
		{BC9FDF9D-AF35-4A55-910E-64B6D315BFAA}.Release|Any CPU.Build.0 = Release|Any CPU
	EndGlobalSection
	GlobalSection(SolutionProperties) = preSolution
		HideSolutionNode = FALSE
	EndGlobalSection
	GlobalSection(ExtensibilityGlobals) = postSolution
		SolutionGuid = {D6F58549-9018-4B24-B439-A8698934DC63}
	EndGlobalSection
EndGlobal
